
Microsoft Visual Studio Solution File, Format Version 12.00
# Visual Studio Version 17
VisualStudioVersion = 17.0.31903.59
MinimumVisualStudioVersion = 10.0.40219.1
Project("{2150E333-8FDC-42A3-9474-1A3956D46DE8}") = "Src", "Src", "{CCFE3371-AE28-446A-B8D1-8D1027A2D23B}"
EndProject
Project("{FAE04EC0-301F-11D3-BF4B-00C04F79EFBC}") = "POCTemplate", "Src\POCTemplate\POCTemplate.csproj", "{5E214FC8-0D9B-4DD7-B952-DA994D094EC4}"
EndProject
Project("{2150E333-8FDC-42A3-9474-1A3956D46DE8}") = "Tests", "Tests", "{279F38EF-A29A-48E2-9201-BA9D5BACAF5B}"
EndProject
Project("{FAE04EC0-301F-11D3-BF4B-00C04F79EFBC}") = "POCTemplate.Tests", "Tests\POCTemplate.Tests\POCTemplate.Tests.csproj", "{43CA48B4-6FC2-425E-82AF-19B643029326}"
EndProject
Global
	GlobalSection(SolutionConfigurationPlatforms) = preSolution
		Debug|Any CPU = Debug|Any CPU
		Release|Any CPU = Release|Any CPU
	EndGlobalSection
	GlobalSection(SolutionProperties) = preSolution
		HideSolutionNode = FALSE
	EndGlobalSection
	GlobalSection(ProjectConfigurationPlatforms) = postSolution
		{5E214FC8-0D9B-4DD7-B952-DA994D094EC4}.Debug|Any CPU.ActiveCfg = Debug|Any CPU
		{5E214FC8-0D9B-4DD7-B952-DA994D094EC4}.Debug|Any CPU.Build.0 = Debug|Any CPU
		{5E214FC8-0D9B-4DD7-B952-DA994D094EC4}.Release|Any CPU.ActiveCfg = Release|Any CPU
		{5E214FC8-0D9B-4DD7-B952-DA994D094EC4}.Release|Any CPU.Build.0 = Release|Any CPU
		{43CA48B4-6FC2-425E-82AF-19B643029326}.Debug|Any CPU.ActiveCfg = Debug|Any CPU
		{43CA48B4-6FC2-425E-82AF-19B643029326}.Debug|Any CPU.Build.0 = Debug|Any CPU
		{43CA48B4-6FC2-425E-82AF-19B643029326}.Release|Any CPU.ActiveCfg = Release|Any CPU
		{43CA48B4-6FC2-425E-82AF-19B643029326}.Release|Any CPU.Build.0 = Release|Any CPU
	EndGlobalSection
	GlobalSection(NestedProjects) = preSolution
		{5E214FC8-0D9B-4DD7-B952-DA994D094EC4} = {CCFE3371-AE28-446A-B8D1-8D1027A2D23B}
		{43CA48B4-6FC2-425E-82AF-19B643029326} = {279F38EF-A29A-48E2-9201-BA9D5BACAF5B}
	EndGlobalSection
EndGlobal
